// !$*UTF8*$!
{
	archiveVersion = 1;
	classes = {
	};
	objectVersion = 56;
	objects = {

/* Begin PBXBuildFile section */
		0125E6E643B3B4B97CDA3D40 /* ProductRecommendationEngine.swift in Sources */ = {isa = PBXBuildFile; fileRef = 3F3EB7BFD9E873145B7A021B /* ProductRecommendationEngine.swift */; };
		03F04B25FD40ABAD5F758971 /* TimeSeriesAnalyzerTests.swift in Sources */ = {isa = PBXBuildFile; fileRef = C25293995D966A735A5AC85B /* TimeSeriesAnalyzerTests.swift */; };
		0705628C35CB4156025336E1 /* SkinTwinMatchView.swift in Sources */ = {isa = PBXBuildFile; fileRef = F21C4E7B2AB0841A770CFE82 /* SkinTwinMatchView.swift */; };
		0E96A1FF72D4E87C65B4E732 /* ConsentSettingsView.swift in Sources */ = {isa = PBXBuildFile; fileRef = 0C38A9A9C2ED915AF0773BF6 /* ConsentSettingsView.swift */; };
		17C7235C8EDC87A1D5360FB0 /* TrackingComparisonView.swift in Sources */ = {isa = PBXBuildFile; fileRef = 2935A2C595AFD0A1F5A52CBF /* TrackingComparisonView.swift */; };
		1898CFA12679F18A3D2D2B4A /* TrackingDetailViewModel.swift in Sources */ = {isa = PBXBuildFile; fileRef = 3E5C9F2586D340041D58FDD8 /* TrackingDetailViewModel.swift */; };
		21AB05CA3A80F6B897BDC7A6 /* SkinMatcherTests.swift in Sources */ = {isa = PBXBuildFile; fileRef = 1EABE5E915AEE3FFBF17101A /* SkinMatcherTests.swift */; };
		22D2ACED485758B9081FCD35 /* RoutineService.swift in Sources */ = {isa = PBXBuildFile; fileRef = 9A635EA3C39E9DD8654262A3 /* RoutineService.swift */; };
		24E220D39F5E82E08B2026B5 /* AnonymousProfile.swift in Sources */ = {isa = PBXBuildFile; fileRef = F4652ECD0C04F2E7CF24E1C5 /* AnonymousProfile.swift */; };
		250400930892D15A990A3840 /* SkinTwinViewModel.swift in Sources */ = {isa = PBXBuildFile; fileRef = 06830A53E82C56C63F791419 /* SkinTwinViewModel.swift */; };
		2A212E8F0C8D464A335DD3EE /* RoutineView.swift in Sources */ = {isa = PBXBuildFile; fileRef = A06B8226FA6F257A587D6D1B /* RoutineView.swift */; };
		2BF1731243556DB802617922 /* ProductRecommendationEngineTests.swift in Sources */ = {isa = PBXBuildFile; fileRef = 83088D4EEFA516F79EB25EE1 /* ProductRecommendationEngineTests.swift */; };
		2CD70D6FB0428F359EE717FC /* TrendAnalyticsModels.swift in Sources */ = {isa = PBXBuildFile; fileRef = E97C8AFE89FBEA292CA488AB /* TrendAnalyticsModels.swift */; };
		2CE956CE8AC0B49CBC530845 /* IngredientAIInsightView.swift in Sources */ = {isa = PBXBuildFile; fileRef = E8E3C69A912A089C3C055662 /* IngredientAIInsightView.swift */; };
		3B14FDF424032D3EDF954D86 /* IngredientRiskAnalyzer.swift in Sources */ = {isa = PBXBuildFile; fileRef = 3FC24F5570D8E1F73373DA94 /* IngredientRiskAnalyzer.swift */; };
		3BEB398DDDD7077A90999B22 /* SkinAnalysisTests.swift in Sources */ = {isa = PBXBuildFile; fileRef = 70E492412869BCF377917304 /* SkinAnalysisTests.swift */; };
		3D4A64FF06C5FD0516547900 /* FeedbackAnalyticsService.swift in Sources */ = {isa = PBXBuildFile; fileRef = 9A5E121DD7AE09146D2E6CC9 /* FeedbackAnalyticsService.swift */; };
		3F2A62BAB4DE1C75424E3487 /* SkincareRoutine.swift in Sources */ = {isa = PBXBuildFile; fileRef = 553386FE85CB219F08ACDA07 /* SkincareRoutine.swift */; };
		402AA3369BA5B7C3753B65CD /* TrackingReportExtensions.swift in Sources */ = {isa = PBXBuildFile; fileRef = 1EA7BE94D8E3D4DEC72F5114 /* TrackingReportExtensions.swift */; };
		44F72831C0C423B5F4F7EF87 /* SkinTwinViewModelTests.swift in Sources */ = {isa = PBXBuildFile; fileRef = 9DFB1033AB474D7ACEE79DF3 /* SkinTwinViewModelTests.swift */; };
		48BF644CB2E8C4A53053E21C /* TrackingReportView.swift in Sources */ = {isa = PBXBuildFile; fileRef = 91D0A2DDF7F1AF8A06273616 /* TrackingReportView.swift */; };
		510D4BC8742383BA03AFE09F /* TrackingModelsTests.swift in Sources */ = {isa = PBXBuildFile; fileRef = B73C2A64FBC2E667D6933AC8 /* TrackingModelsTests.swift */; };
		514558FB94F144189A43DA11 /* ShareableTrackingSnapshot.swift in Sources */ = {isa = PBXBuildFile; fileRef = 29C3686CF0FD603001A1188E /* ShareableTrackingSnapshot.swift */; };
		5837BE7B1D37603512A4AB22 /* ProductEffectAnalyzer.swift in Sources */ = {isa = PBXBuildFile; fileRef = ED5440E2EE340E9375719CE6 /* ProductEffectAnalyzer.swift */; };
		5B50D87F5A179ABAA8BDC039 /* AnomalyDetectorTests.swift in Sources */ = {isa = PBXBuildFile; fileRef = 2A1269CF193108CA983B327A /* AnomalyDetectorTests.swift */; };
		5EC8C891A95D691A017484FE /* NotificationSettingsView.swift in Sources */ = {isa = PBXBuildFile; fileRef = C4EB3AAADA3B1652CB93A470 /* NotificationSettingsView.swift */; };
		6169EE2C112735758342F48A /* MatchCache.swift in Sources */ = {isa = PBXBuildFile; fileRef = 0524C937D6E7E6A8530533F1 /* MatchCache.swift */; };
		696A0C9229E697F858F973E3 /* PrivacyCenterView.swift in Sources */ = {isa = PBXBuildFile; fileRef = 55CB7D333F287D00A4913F54 /* PrivacyCenterView.swift */; };
		7BCBF3A344692ADF2781885F /* IngredientAIModels.swift in Sources */ = {isa = PBXBuildFile; fileRef = 98D02551ADBF9AEBDF16E24B /* IngredientAIModels.swift */; };
		7E704BF8034C838F0F952D24 /* UserHistoryStore.swift in Sources */ = {isa = PBXBuildFile; fileRef = 7CCFAD1851E0FB2F410EE993 /* UserHistoryStore.swift */; };
		7F2A8FC155C0FD73533E4085 /* Foundation.framework in Frameworks */ = {isa = PBXBuildFile; fileRef = 5F3B0D89FD0428597A7C0516 /* Foundation.framework */; };
		8245526CB44A47A72705C1DE /* UserFeedbackRecord.swift in Sources */ = {isa = PBXBuildFile; fileRef = E07CD05159EC0DA35DFBF371 /* UserFeedbackRecord.swift */; };
		84CA17418FF3F194C2A509CC /* UserIngredientPreference.swift in Sources */ = {isa = PBXBuildFile; fileRef = 313078DD5B48E3E27AABCCE3 /* UserIngredientPreference.swift */; };
		85E1AFC46CE9ED5683B4BDA5 /* ShareCardRenderer.swift in Sources */ = {isa = PBXBuildFile; fileRef = CC09663356DE55C0E82B5381 /* ShareCardRenderer.swift */; };
		86D3A96F89087B45F0F703F3 /* SkinTwinDetailView.swift in Sources */ = {isa = PBXBuildFile; fileRef = 7551BCDBC96ED5FBA80E1DDA /* SkinTwinDetailView.swift */; };
		8C220A652E3BF84B034F0F0F /* IngredientAIAnalyzer.swift in Sources */ = {isa = PBXBuildFile; fileRef = C71175FB49EB76BABEE91712 /* IngredientAIAnalyzer.swift */; };
		934C7257FE649E829D275A45 /* SeasonalityAnalyzer.swift in Sources */ = {isa = PBXBuildFile; fileRef = 176175C87A79A04F115018EA /* SeasonalityAnalyzer.swift */; };
		9834A1C1D237F9C8F07CFAAC /* IngredientExposureRecord.swift in Sources */ = {isa = PBXBuildFile; fileRef = 07946CB369F610D5C517AE6B /* IngredientExposureRecord.swift */; };
		9880B44CC8527B78EF3B5569 /* TwinMatchCard.swift in Sources */ = {isa = PBXBuildFile; fileRef = B49424533B2007108AD154BB /* TwinMatchCard.swift */; };
		A1000001 /* SkinLabApp.swift in Sources */ = {isa = PBXBuildFile; fileRef = B1000001 /* SkinLabApp.swift */; };
		A1000002 /* ContentView.swift in Sources */ = {isa = PBXBuildFile; fileRef = B1000002 /* ContentView.swift */; };
		A1000010 /* GeminiService.swift in Sources */ = {isa = PBXBuildFile; fileRef = B1000010 /* GeminiService.swift */; };
		A1000020 /* CameraService.swift in Sources */ = {isa = PBXBuildFile; fileRef = B1000020 /* CameraService.swift */; };
		A1000021 /* PhotoPicker.swift in Sources */ = {isa = PBXBuildFile; fileRef = B1000021 /* PhotoPicker.swift */; };
		A1000022 /* IngredientOCR.swift in Sources */ = {isa = PBXBuildFile; fileRef = B1000022 /* IngredientOCR.swift */; };
		A1000030 /* Colors.swift in Sources */ = {isa = PBXBuildFile; fileRef = B1000030 /* Colors.swift */; };
		A1000031 /* Typography.swift in Sources */ = {isa = PBXBuildFile; fileRef = B1000031 /* Typography.swift */; };
		A1000040 /* SkinAnalysis.swift in Sources */ = {isa = PBXBuildFile; fileRef = B1000040 /* SkinAnalysis.swift */; };
		A1000041 /* AnalysisViewModel.swift in Sources */ = {isa = PBXBuildFile; fileRef = B1000041 /* AnalysisViewModel.swift */; };
		A1000042 /* HomeView.swift in Sources */ = {isa = PBXBuildFile; fileRef = B1000042 /* HomeView.swift */; };
		A1000043 /* AnalysisView.swift in Sources */ = {isa = PBXBuildFile; fileRef = B1000043 /* AnalysisView.swift */; };
		A1000044 /* AnalysisResultView.swift in Sources */ = {isa = PBXBuildFile; fileRef = B1000044 /* AnalysisResultView.swift */; };
		A1000045 /* CameraPreviewView.swift in Sources */ = {isa = PBXBuildFile; fileRef = B1000045 /* CameraPreviewView.swift */; };
		A1000050 /* TrackingSession.swift in Sources */ = {isa = PBXBuildFile; fileRef = B1000050 /* TrackingSession.swift */; };
		A1000051 /* TrackingView.swift in Sources */ = {isa = PBXBuildFile; fileRef = B1000051 /* TrackingView.swift */; };
		A1000052 /* TrackingDetailView.swift in Sources */ = {isa = PBXBuildFile; fileRef = B1000052 /* TrackingDetailView.swift */; };
		A1000060 /* Product.swift in Sources */ = {isa = PBXBuildFile; fileRef = B1000060 /* Product.swift */; };
		A1000061 /* ProductsView.swift in Sources */ = {isa = PBXBuildFile; fileRef = B1000061 /* ProductsView.swift */; };
		A1000062 /* IngredientScannerView.swift in Sources */ = {isa = PBXBuildFile; fileRef = B1000062 /* IngredientScannerView.swift */; };
		A1000070 /* UserProfile.swift in Sources */ = {isa = PBXBuildFile; fileRef = B1000070 /* UserProfile.swift */; };
		A1000071 /* ProfileView.swift in Sources */ = {isa = PBXBuildFile; fileRef = B1000071 /* ProfileView.swift */; };
		A1000080 /* products.json in Resources */ = {isa = PBXBuildFile; fileRef = B1000080 /* products.json */; };
		A1000081 /* ingredients.json in Resources */ = {isa = PBXBuildFile; fileRef = B1000081 /* ingredients.json */; };
		A1000082 /* Assets.xcassets in Resources */ = {isa = PBXBuildFile; fileRef = B1000082 /* Assets.xcassets */; };
		A1000090 /* CommunityView.swift in Sources */ = {isa = PBXBuildFile; fileRef = B1000090 /* CommunityView.swift */; };
		A1000091 /* RomanticDecorations.swift in Sources */ = {isa = PBXBuildFile; fileRef = B1000091 /* RomanticDecorations.swift */; };
		A1000092 /* FreshThemeModifiers.swift in Sources */ = {isa = PBXBuildFile; fileRef = B1000092 /* FreshThemeModifiers.swift */; };
		A246142DCE242C8FB297A6E4 /* FeedbackView.swift in Sources */ = {isa = PBXBuildFile; fileRef = C25C4829B04FC75BA0C6D73F /* FeedbackView.swift */; };
		A57E243816AA8E5F23C5E443 /* ForecastEngine.swift in Sources */ = {isa = PBXBuildFile; fileRef = EFBAB226955E3CA24C059B2F /* ForecastEngine.swift */; };
		A6EA712F1330C8B6CF300B92 /* ProductPickerView.swift in Sources */ = {isa = PBXBuildFile; fileRef = F6AD55FD6D5510D7F3CCFB71 /* ProductPickerView.swift */; };
		A7AD6E91750734BAF68982F2 /* SkinTwin.swift in Sources */ = {isa = PBXBuildFile; fileRef = 1A58DF68D6DDCEAF216E43D7 /* SkinTwin.swift */; };
		A8F5C2909F3916C6AB15F71A /* AnalysisResultViewModel.swift in Sources */ = {isa = PBXBuildFile; fileRef = 2B35B1C23C4B636033B97C81 /* AnalysisResultViewModel.swift */; };
		A9BC1BEBDE572094393A95A9 /* AnalyticsVisualizationViews.swift in Sources */ = {isa = PBXBuildFile; fileRef = D26570A1CAB05DFDBA766336 /* AnalyticsVisualizationViews.swift */; };
		B62D7EE47904AF48CF80DA3D /* MatchResultRecord.swift in Sources */ = {isa = PBXBuildFile; fileRef = 7A5B3AE2E986F636B26C6316 /* MatchResultRecord.swift */; };
		BA7EDB49C5F2AD2BDF0BF3AE /* PerformanceBenchmarkTests.swift in Sources */ = {isa = PBXBuildFile; fileRef = 021E5391817F5F58DE2BE780 /* PerformanceBenchmarkTests.swift */; };
		BBC9BECDA8E68FCDEDA9C4E2 /* AnomalyDetector.swift in Sources */ = {isa = PBXBuildFile; fileRef = 9A7B8E871536EE6F08D08030 /* AnomalyDetector.swift */; };
		BCB58D82618771CF3779835A /* MatchPoolRepository.swift in Sources */ = {isa = PBXBuildFile; fileRef = A5E2775EF6D0F3ED4872DB5A /* MatchPoolRepository.swift */; };
		C3B3646598B6F3B8052A1F6B /* SkinMatcher.swift in Sources */ = {isa = PBXBuildFile; fileRef = D9F4507420FA9D2341FF3B1D /* SkinMatcher.swift */; };
		C6E53A5BE0DABFFC57A351A7 /* ProductModelTests.swift in Sources */ = {isa = PBXBuildFile; fileRef = 5DE694A9EC5F6F030CDF4F89 /* ProductModelTests.swift */; };
		DDA2EBE4528D99A2B612502F /* ConsentLevel.swift in Sources */ = {isa = PBXBuildFile; fileRef = AC08BD0191DA4A7A255C5F82 /* ConsentLevel.swift */; };
		E0CE5D174CD6909351DA2AF7 /* FeedbackExporter.swift in Sources */ = {isa = PBXBuildFile; fileRef = EFCC64509F81AAA74D193AE3 /* FeedbackExporter.swift */; };
		E12A7C2B45E83A6A261B9B78 /* TimeSeriesAnalyzer.swift in Sources */ = {isa = PBXBuildFile; fileRef = 57327F7DE09064ADE7736BAF /* TimeSeriesAnalyzer.swift */; };
		EF7E0C9D4EFDD24537C9EE60 /* EnhancedIngredientResultView.swift in Sources */ = {isa = PBXBuildFile; fileRef = C536C3257C98962220CA8905 /* EnhancedIngredientResultView.swift */; };
		F405186565CE2C23CC08CCC3 /* UserProfileTests.swift in Sources */ = {isa = PBXBuildFile; fileRef = F60448A1275B893A2DF30354 /* UserProfileTests.swift */; };
		F9FA462A4B7B7F90D4F8B232 /* MatchLevel.swift in Sources */ = {isa = PBXBuildFile; fileRef = 0C672A53F7F9166589623AED /* MatchLevel.swift */; };
/* End PBXBuildFile section */

/* Begin PBXContainerItemProxy section */
		672AEACD9CCAC771DA15D1B8 /* PBXContainerItemProxy */ = {
			isa = PBXContainerItemProxy;
			containerPortal = AF875B2CDE700D68F59DD78F /* SkinLab.xcodeproj */;
			proxyType = 2;
			remoteGlobalIDString = 94F8128C52C294599BC4BCB4;
			remoteInfo = Subproject;
		};
		6D9D851B9885AB0FCB9EE1FE /* PBXContainerItemProxy */ = {
			isa = PBXContainerItemProxy;
			containerPortal = P1000001 /* Project object */;
			proxyType = 1;
			remoteGlobalIDString = F1000001;
			remoteInfo = SkinLab;
		};
		E11E569D87F01AE845C2153B /* PBXContainerItemProxy */ = {
			isa = PBXContainerItemProxy;
			containerPortal = AF875B2CDE700D68F59DD78F /* SkinLab.xcodeproj */;
			proxyType = 2;
			remoteGlobalIDString = C1000001;
			remoteInfo = Subproject;
		};
/* End PBXContainerItemProxy section */

/* Begin PBXFileReference section */
		021E5391817F5F58DE2BE780 /* PerformanceBenchmarkTests.swift */ = {isa = PBXFileReference; includeInIndex = 1; lastKnownFileType = sourcecode.swift; path = PerformanceBenchmarkTests.swift; sourceTree = "<group>"; };
		0524C937D6E7E6A8530533F1 /* MatchCache.swift */ = {isa = PBXFileReference; includeInIndex = 1; lastKnownFileType = sourcecode.swift; path = MatchCache.swift; sourceTree = "<group>"; };
		06830A53E82C56C63F791419 /* SkinTwinViewModel.swift */ = {isa = PBXFileReference; includeInIndex = 1; lastKnownFileType = sourcecode.swift; path = SkinTwinViewModel.swift; sourceTree = "<group>"; };
		07946CB369F610D5C517AE6B /* IngredientExposureRecord.swift */ = {isa = PBXFileReference; includeInIndex = 1; lastKnownFileType = sourcecode.swift; name = IngredientExposureRecord.swift; path = ../../../SkinLab/Features/Tracking/Models/IngredientExposureRecord.swift; sourceTree = "<group>"; };
		0C38A9A9C2ED915AF0773BF6 /* ConsentSettingsView.swift */ = {isa = PBXFileReference; includeInIndex = 1; lastKnownFileType = sourcecode.swift; path = ConsentSettingsView.swift; sourceTree = "<group>"; };
		0C672A53F7F9166589623AED /* MatchLevel.swift */ = {isa = PBXFileReference; includeInIndex = 1; lastKnownFileType = sourcecode.swift; path = MatchLevel.swift; sourceTree = "<group>"; };
		176175C87A79A04F115018EA /* SeasonalityAnalyzer.swift */ = {isa = PBXFileReference; includeInIndex = 1; lastKnownFileType = sourcecode.swift; path = SeasonalityAnalyzer.swift; sourceTree = "<group>"; };
		1A58DF68D6DDCEAF216E43D7 /* SkinTwin.swift */ = {isa = PBXFileReference; includeInIndex = 1; lastKnownFileType = sourcecode.swift; path = SkinTwin.swift; sourceTree = "<group>"; };
		1EA7BE94D8E3D4DEC72F5114 /* TrackingReportExtensions.swift */ = {isa = PBXFileReference; includeInIndex = 1; lastKnownFileType = sourcecode.swift; name = TrackingReportExtensions.swift; path = ../../../SkinLab/Features/Tracking/Models/TrackingReportExtensions.swift; sourceTree = "<group>"; };
		1EABE5E915AEE3FFBF17101A /* SkinMatcherTests.swift */ = {isa = PBXFileReference; includeInIndex = 1; lastKnownFileType = sourcecode.swift; path = SkinMatcherTests.swift; sourceTree = "<group>"; };
		2935A2C595AFD0A1F5A52CBF /* TrackingComparisonView.swift */ = {isa = PBXFileReference; includeInIndex = 1; lastKnownFileType = sourcecode.swift; path = TrackingComparisonView.swift; sourceTree = "<group>"; };
		29C3686CF0FD603001A1188E /* ShareableTrackingSnapshot.swift */ = {isa = PBXFileReference; includeInIndex = 1; lastKnownFileType = sourcecode.swift; path = ShareableTrackingSnapshot.swift; sourceTree = "<group>"; };
		2A1269CF193108CA983B327A /* AnomalyDetectorTests.swift */ = {isa = PBXFileReference; includeInIndex = 1; lastKnownFileType = sourcecode.swift; path = AnomalyDetectorTests.swift; sourceTree = "<group>"; };
		2B35B1C23C4B636033B97C81 /* AnalysisResultViewModel.swift */ = {isa = PBXFileReference; includeInIndex = 1; lastKnownFileType = sourcecode.swift; path = AnalysisResultViewModel.swift; sourceTree = "<group>"; };
		313078DD5B48E3E27AABCCE3 /* UserIngredientPreference.swift */ = {isa = PBXFileReference; includeInIndex = 1; lastKnownFileType = sourcecode.swift; name = UserIngredientPreference.swift; path = ../../../SkinLab/Features/Profile/Models/UserIngredientPreference.swift; sourceTree = "<group>"; };
		3E5C9F2586D340041D58FDD8 /* TrackingDetailViewModel.swift */ = {isa = PBXFileReference; includeInIndex = 1; lastKnownFileType = sourcecode.swift; path = TrackingDetailViewModel.swift; sourceTree = "<group>"; };
		3F3EB7BFD9E873145B7A021B /* ProductRecommendationEngine.swift */ = {isa = PBXFileReference; includeInIndex = 1; lastKnownFileType = sourcecode.swift; path = ProductRecommendationEngine.swift; sourceTree = "<group>"; };
		3FC24F5570D8E1F73373DA94 /* IngredientRiskAnalyzer.swift */ = {isa = PBXFileReference; includeInIndex = 1; lastKnownFileType = sourcecode.swift; name = IngredientRiskAnalyzer.swift; path = ../../SkinLab/Core/Utils/IngredientRiskAnalyzer.swift; sourceTree = "<group>"; };
		553386FE85CB219F08ACDA07 /* SkincareRoutine.swift */ = {isa = PBXFileReference; includeInIndex = 1; lastKnownFileType = sourcecode.swift; name = SkincareRoutine.swift; path = ../../../SkinLab/Features/Analysis/Models/SkincareRoutine.swift; sourceTree = "<group>"; };
		55CB7D333F287D00A4913F54 /* PrivacyCenterView.swift */ = {isa = PBXFileReference; includeInIndex = 1; lastKnownFileType = sourcecode.swift; path = PrivacyCenterView.swift; sourceTree = "<group>"; };
		57327F7DE09064ADE7736BAF /* TimeSeriesAnalyzer.swift */ = {isa = PBXFileReference; includeInIndex = 1; lastKnownFileType = sourcecode.swift; path = TimeSeriesAnalyzer.swift; sourceTree = "<group>"; };
		5DE694A9EC5F6F030CDF4F89 /* ProductModelTests.swift */ = {isa = PBXFileReference; includeInIndex = 1; lastKnownFileType = sourcecode.swift; path = ProductModelTests.swift; sourceTree = "<group>"; };
		5F3B0D89FD0428597A7C0516 /* Foundation.framework */ = {isa = PBXFileReference; lastKnownFileType = wrapper.framework; name = Foundation.framework; path = Platforms/iPhoneOS.platform/Developer/SDKs/iPhoneOS18.0.sdk/System/Library/Frameworks/Foundation.framework; sourceTree = DEVELOPER_DIR; };
		70E492412869BCF377917304 /* SkinAnalysisTests.swift */ = {isa = PBXFileReference; includeInIndex = 1; lastKnownFileType = sourcecode.swift; path = SkinAnalysisTests.swift; sourceTree = "<group>"; };
		7551BCDBC96ED5FBA80E1DDA /* SkinTwinDetailView.swift */ = {isa = PBXFileReference; includeInIndex = 1; lastKnownFileType = sourcecode.swift; path = SkinTwinDetailView.swift; sourceTree = "<group>"; };
		7A5B3AE2E986F636B26C6316 /* MatchResultRecord.swift */ = {isa = PBXFileReference; includeInIndex = 1; lastKnownFileType = sourcecode.swift; path = MatchResultRecord.swift; sourceTree = "<group>"; };
		7CCFAD1851E0FB2F410EE993 /* UserHistoryStore.swift */ = {isa = PBXFileReference; includeInIndex = 1; lastKnownFileType = sourcecode.swift; name = UserHistoryStore.swift; path = ../../SkinLab/Core/Utils/UserHistoryStore.swift; sourceTree = "<group>"; };
		83088D4EEFA516F79EB25EE1 /* ProductRecommendationEngineTests.swift */ = {isa = PBXFileReference; includeInIndex = 1; lastKnownFileType = sourcecode.swift; path = ProductRecommendationEngineTests.swift; sourceTree = "<group>"; };
		91D0A2DDF7F1AF8A06273616 /* TrackingReportView.swift */ = {isa = PBXFileReference; includeInIndex = 1; lastKnownFileType = sourcecode.swift; name = TrackingReportView.swift; path = ../../../SkinLab/Features/Tracking/Views/TrackingReportView.swift; sourceTree = "<group>"; };
		94F8128C52C294599BC4BCB4 /* SkinLabTests.xctest */ = {isa = PBXFileReference; explicitFileType = wrapper.cfbundle; includeInIndex = 0; path = SkinLabTests.xctest; sourceTree = BUILT_PRODUCTS_DIR; };
		98D02551ADBF9AEBDF16E24B /* IngredientAIModels.swift */ = {isa = PBXFileReference; includeInIndex = 1; lastKnownFileType = sourcecode.swift; path = IngredientAIModels.swift; sourceTree = "<group>"; };
		9A5E121DD7AE09146D2E6CC9 /* FeedbackAnalyticsService.swift */ = {isa = PBXFileReference; includeInIndex = 1; lastKnownFileType = sourcecode.swift; path = FeedbackAnalyticsService.swift; sourceTree = "<group>"; };
		9A635EA3C39E9DD8654262A3 /* RoutineService.swift */ = {isa = PBXFileReference; includeInIndex = 1; lastKnownFileType = sourcecode.swift; name = RoutineService.swift; path = ../../SkinLab/Core/Network/RoutineService.swift; sourceTree = "<group>"; };
		9A7B8E871536EE6F08D08030 /* AnomalyDetector.swift */ = {isa = PBXFileReference; includeInIndex = 1; lastKnownFileType = sourcecode.swift; path = AnomalyDetector.swift; sourceTree = "<group>"; };
		9DFB1033AB474D7ACEE79DF3 /* SkinTwinViewModelTests.swift */ = {isa = PBXFileReference; includeInIndex = 1; lastKnownFileType = sourcecode.swift; path = SkinTwinViewModelTests.swift; sourceTree = "<group>"; };
		A06B8226FA6F257A587D6D1B /* RoutineView.swift */ = {isa = PBXFileReference; includeInIndex = 1; lastKnownFileType = sourcecode.swift; name = RoutineView.swift; path = ../../../SkinLab/Features/Analysis/Views/RoutineView.swift; sourceTree = "<group>"; };
		A5E2775EF6D0F3ED4872DB5A /* MatchPoolRepository.swift */ = {isa = PBXFileReference; includeInIndex = 1; lastKnownFileType = sourcecode.swift; path = MatchPoolRepository.swift; sourceTree = "<group>"; };
		AC08BD0191DA4A7A255C5F82 /* ConsentLevel.swift */ = {isa = PBXFileReference; includeInIndex = 1; lastKnownFileType = sourcecode.swift; path = ConsentLevel.swift; sourceTree = "<group>"; };
		AF875B2CDE700D68F59DD78F /* SkinLab.xcodeproj */ = {isa = PBXFileReference; lastKnownFileType = "wrapper.pb-project"; path = SkinLab.xcodeproj; sourceTree = "<group>"; };
		B1000001 /* SkinLabApp.swift */ = {isa = PBXFileReference; lastKnownFileType = sourcecode.swift; path = SkinLabApp.swift; sourceTree = "<group>"; };
		B1000002 /* ContentView.swift */ = {isa = PBXFileReference; lastKnownFileType = sourcecode.swift; path = ContentView.swift; sourceTree = "<group>"; };
		B1000010 /* GeminiService.swift */ = {isa = PBXFileReference; lastKnownFileType = sourcecode.swift; path = GeminiService.swift; sourceTree = "<group>"; };
		B1000020 /* CameraService.swift */ = {isa = PBXFileReference; lastKnownFileType = sourcecode.swift; path = CameraService.swift; sourceTree = "<group>"; };
		B1000021 /* PhotoPicker.swift */ = {isa = PBXFileReference; lastKnownFileType = sourcecode.swift; path = PhotoPicker.swift; sourceTree = "<group>"; };
		B1000022 /* IngredientOCR.swift */ = {isa = PBXFileReference; lastKnownFileType = sourcecode.swift; path = IngredientOCR.swift; sourceTree = "<group>"; };
		B1000030 /* Colors.swift */ = {isa = PBXFileReference; lastKnownFileType = sourcecode.swift; path = Colors.swift; sourceTree = "<group>"; };
		B1000031 /* Typography.swift */ = {isa = PBXFileReference; lastKnownFileType = sourcecode.swift; path = Typography.swift; sourceTree = "<group>"; };
		B1000040 /* SkinAnalysis.swift */ = {isa = PBXFileReference; lastKnownFileType = sourcecode.swift; path = SkinAnalysis.swift; sourceTree = "<group>"; };
		B1000041 /* AnalysisViewModel.swift */ = {isa = PBXFileReference; lastKnownFileType = sourcecode.swift; path = AnalysisViewModel.swift; sourceTree = "<group>"; };
		B1000042 /* HomeView.swift */ = {isa = PBXFileReference; lastKnownFileType = sourcecode.swift; path = HomeView.swift; sourceTree = "<group>"; };
		B1000043 /* AnalysisView.swift */ = {isa = PBXFileReference; lastKnownFileType = sourcecode.swift; path = AnalysisView.swift; sourceTree = "<group>"; };
		B1000044 /* AnalysisResultView.swift */ = {isa = PBXFileReference; lastKnownFileType = sourcecode.swift; path = AnalysisResultView.swift; sourceTree = "<group>"; };
		B1000045 /* CameraPreviewView.swift */ = {isa = PBXFileReference; lastKnownFileType = sourcecode.swift; path = CameraPreviewView.swift; sourceTree = "<group>"; };
		B1000050 /* TrackingSession.swift */ = {isa = PBXFileReference; lastKnownFileType = sourcecode.swift; path = TrackingSession.swift; sourceTree = "<group>"; };
		B1000051 /* TrackingView.swift */ = {isa = PBXFileReference; lastKnownFileType = sourcecode.swift; path = TrackingView.swift; sourceTree = "<group>"; };
		B1000052 /* TrackingDetailView.swift */ = {isa = PBXFileReference; lastKnownFileType = sourcecode.swift; path = TrackingDetailView.swift; sourceTree = "<group>"; };
		B1000060 /* Product.swift */ = {isa = PBXFileReference; lastKnownFileType = sourcecode.swift; path = Product.swift; sourceTree = "<group>"; };
		B1000061 /* ProductsView.swift */ = {isa = PBXFileReference; lastKnownFileType = sourcecode.swift; path = ProductsView.swift; sourceTree = "<group>"; };
		B1000062 /* IngredientScannerView.swift */ = {isa = PBXFileReference; lastKnownFileType = sourcecode.swift; path = IngredientScannerView.swift; sourceTree = "<group>"; };
		B1000070 /* UserProfile.swift */ = {isa = PBXFileReference; lastKnownFileType = sourcecode.swift; path = UserProfile.swift; sourceTree = "<group>"; };
		B1000071 /* ProfileView.swift */ = {isa = PBXFileReference; lastKnownFileType = sourcecode.swift; path = ProfileView.swift; sourceTree = "<group>"; };
		B1000080 /* products.json */ = {isa = PBXFileReference; lastKnownFileType = text.json; path = products.json; sourceTree = "<group>"; };
		B1000081 /* ingredients.json */ = {isa = PBXFileReference; lastKnownFileType = text.json; path = ingredients.json; sourceTree = "<group>"; };
		B1000082 /* Assets.xcassets */ = {isa = PBXFileReference; lastKnownFileType = folder.assetcatalog; path = Assets.xcassets; sourceTree = "<group>"; };
		B1000083 /* Info.plist */ = {isa = PBXFileReference; lastKnownFileType = text.plist.xml; path = Info.plist; sourceTree = "<group>"; };
		B1000090 /* CommunityView.swift */ = {isa = PBXFileReference; lastKnownFileType = sourcecode.swift; path = CommunityView.swift; sourceTree = "<group>"; };
		B1000091 /* RomanticDecorations.swift */ = {isa = PBXFileReference; lastKnownFileType = sourcecode.swift; path = RomanticDecorations.swift; sourceTree = "<group>"; };
		B1000092 /* FreshThemeModifiers.swift */ = {isa = PBXFileReference; lastKnownFileType = sourcecode.swift; path = FreshThemeModifiers.swift; sourceTree = "<group>"; };
		B49424533B2007108AD154BB /* TwinMatchCard.swift */ = {isa = PBXFileReference; includeInIndex = 1; lastKnownFileType = sourcecode.swift; path = TwinMatchCard.swift; sourceTree = "<group>"; };
		B73C2A64FBC2E667D6933AC8 /* TrackingModelsTests.swift */ = {isa = PBXFileReference; includeInIndex = 1; lastKnownFileType = sourcecode.swift; path = TrackingModelsTests.swift; sourceTree = "<group>"; };
		C1000001 /* SkinLab.app */ = {isa = PBXFileReference; explicitFileType = wrapper.application; includeInIndex = 0; path = SkinLab.app; sourceTree = BUILT_PRODUCTS_DIR; };
		C25293995D966A735A5AC85B /* TimeSeriesAnalyzerTests.swift */ = {isa = PBXFileReference; includeInIndex = 1; lastKnownFileType = sourcecode.swift; path = TimeSeriesAnalyzerTests.swift; sourceTree = "<group>"; };
		C25C4829B04FC75BA0C6D73F /* FeedbackView.swift */ = {isa = PBXFileReference; includeInIndex = 1; lastKnownFileType = sourcecode.swift; path = FeedbackView.swift; sourceTree = "<group>"; };
		C4EB3AAADA3B1652CB93A470 /* NotificationSettingsView.swift */ = {isa = PBXFileReference; includeInIndex = 1; lastKnownFileType = sourcecode.swift; path = NotificationSettingsView.swift; sourceTree = "<group>"; };
		C536C3257C98962220CA8905 /* EnhancedIngredientResultView.swift */ = {isa = PBXFileReference; includeInIndex = 1; lastKnownFileType = sourcecode.swift; name = EnhancedIngredientResultView.swift; path = ../../../SkinLab/Features/Products/Views/EnhancedIngredientResultView.swift; sourceTree = "<group>"; };
		C603ED35C01BD0577344538A /* SkinLab */ = {isa = PBXFileReference; includeInIndex = 1; path = SkinLab; sourceTree = "<group>"; };
		C71175FB49EB76BABEE91712 /* IngredientAIAnalyzer.swift */ = {isa = PBXFileReference; includeInIndex = 1; lastKnownFileType = sourcecode.swift; path = IngredientAIAnalyzer.swift; sourceTree = "<group>"; };
		CC09663356DE55C0E82B5381 /* ShareCardRenderer.swift */ = {isa = PBXFileReference; includeInIndex = 1; lastKnownFileType = sourcecode.swift; name = ShareCardRenderer.swift; path = ../../SkinLab/Core/Utils/ShareCardRenderer.swift; sourceTree = "<group>"; };
		D26570A1CAB05DFDBA766336 /* AnalyticsVisualizationViews.swift */ = {isa = PBXFileReference; includeInIndex = 1; lastKnownFileType = sourcecode.swift; path = AnalyticsVisualizationViews.swift; sourceTree = "<group>"; };
		D9F4507420FA9D2341FF3B1D /* SkinMatcher.swift */ = {isa = PBXFileReference; includeInIndex = 1; lastKnownFileType = sourcecode.swift; path = SkinMatcher.swift; sourceTree = "<group>"; };
		E07CD05159EC0DA35DFBF371 /* UserFeedbackRecord.swift */ = {isa = PBXFileReference; includeInIndex = 1; lastKnownFileType = sourcecode.swift; path = UserFeedbackRecord.swift; sourceTree = "<group>"; };
		E8E3C69A912A089C3C055662 /* IngredientAIInsightView.swift */ = {isa = PBXFileReference; includeInIndex = 1; lastKnownFileType = sourcecode.swift; path = IngredientAIInsightView.swift; sourceTree = "<group>"; };
		E97C8AFE89FBEA292CA488AB /* TrendAnalyticsModels.swift */ = {isa = PBXFileReference; includeInIndex = 1; lastKnownFileType = sourcecode.swift; path = TrendAnalyticsModels.swift; sourceTree = "<group>"; };
		ED5440E2EE340E9375719CE6 /* ProductEffectAnalyzer.swift */ = {isa = PBXFileReference; includeInIndex = 1; lastKnownFileType = sourcecode.swift; path = ProductEffectAnalyzer.swift; sourceTree = "<group>"; };
		EFBAB226955E3CA24C059B2F /* ForecastEngine.swift */ = {isa = PBXFileReference; includeInIndex = 1; lastKnownFileType = sourcecode.swift; path = ForecastEngine.swift; sourceTree = "<group>"; };
		EFCC64509F81AAA74D193AE3 /* FeedbackExporter.swift */ = {isa = PBXFileReference; includeInIndex = 1; lastKnownFileType = sourcecode.swift; path = FeedbackExporter.swift; sourceTree = "<group>"; };
		F21C4E7B2AB0841A770CFE82 /* SkinTwinMatchView.swift */ = {isa = PBXFileReference; includeInIndex = 1; lastKnownFileType = sourcecode.swift; path = SkinTwinMatchView.swift; sourceTree = "<group>"; };
		F4652ECD0C04F2E7CF24E1C5 /* AnonymousProfile.swift */ = {isa = PBXFileReference; includeInIndex = 1; lastKnownFileType = sourcecode.swift; path = AnonymousProfile.swift; sourceTree = "<group>"; };
		F60448A1275B893A2DF30354 /* UserProfileTests.swift */ = {isa = PBXFileReference; includeInIndex = 1; lastKnownFileType = sourcecode.swift; path = UserProfileTests.swift; sourceTree = "<group>"; };
		F6AD55FD6D5510D7F3CCFB71 /* ProductPickerView.swift */ = {isa = PBXFileReference; includeInIndex = 1; lastKnownFileType = sourcecode.swift; path = ProductPickerView.swift; sourceTree = "<group>"; };
/* End PBXFileReference section */

/* Begin PBXFrameworksBuildPhase section */
		4EEE5FE477165AC8179C6C79 /* Frameworks */ = {
			isa = PBXFrameworksBuildPhase;
			buildActionMask = 2147483647;
			files = (
				7F2A8FC155C0FD73533E4085 /* Foundation.framework in Frameworks */,
			);
			runOnlyForDeploymentPostprocessing = 0;
		};
		D1000001 /* Frameworks */ = {
			isa = PBXFrameworksBuildPhase;
			buildActionMask = 2147483647;
			files = (
			);
			runOnlyForDeploymentPostprocessing = 0;
		};
/* End PBXFrameworksBuildPhase section */

/* Begin PBXGroup section */
		0210281BE533ABEF6D262D0F /* Analysis */ = {
			isa = PBXGroup;
			children = (
				10E4240116D9F4877C410766 /* Models */,
				F6EC78BA2BF94DC093FE82D5 /* Views */,
			);
			name = Analysis;
			path = Analysis;
			sourceTree = "<group>";
		};
		029FCEF20F1045EF89B5E8EB /* Utils */ = {
			isa = PBXGroup;
			children = (
				3FC24F5570D8E1F73373DA94 /* IngredientRiskAnalyzer.swift */,
				CC09663356DE55C0E82B5381 /* ShareCardRenderer.swift */,
				7CCFAD1851E0FB2F410EE993 /* UserHistoryStore.swift */,
			);
			name = Utils;
			path = Utils;
			sourceTree = "<group>";
		};
		0B2145F13411B3AFBF9737C1 /* Components */ = {
			isa = PBXGroup;
			children = (
				B49424533B2007108AD154BB /* TwinMatchCard.swift */,
			);
			name = Components;
			path = Components;
			sourceTree = "<group>";
		};
		0CBA451B84CCF085BFDC6F9C /* SkinLabTests */ = {
			isa = PBXGroup;
			children = (
				FC9CDA2E4C39B5530FDEBAA0 /* Products */,
				7708436C8FA671CD557E22B3 /* Analysis */,
				E55AB975CC7DCFF92B181360 /* Profile */,
				3705400F1F44F24B67BD9AA9 /* Tracking */,
				2AA7BDDC8F882FAEEB13D841 /* Community */,
			);
			name = SkinLabTests;
			path = SkinLabTests;
			sourceTree = "<group>";
		};
		10E4240116D9F4877C410766 /* Models */ = {
			isa = PBXGroup;
			children = (
				553386FE85CB219F08ACDA07 /* SkincareRoutine.swift */,
			);
			name = Models;
			path = Models;
			sourceTree = "<group>";
		};
		1B3C40CBBB84EE07C75A3D1B /* Views */ = {
			isa = PBXGroup;
			children = (
				C536C3257C98962220CA8905 /* EnhancedIngredientResultView.swift */,
			);
			name = Views;
			path = Views;
			sourceTree = "<group>";
		};
		26AC0AE71D68F0B9F12AE9F8 /* Models */ = {
			isa = PBXGroup;
			children = (
				313078DD5B48E3E27AABCCE3 /* UserIngredientPreference.swift */,
			);
			name = Models;
			path = Models;
			sourceTree = "<group>";
		};
		2AA7BDDC8F882FAEEB13D841 /* Community */ = {
			isa = PBXGroup;
			children = (
				1EABE5E915AEE3FFBF17101A /* SkinMatcherTests.swift */,
				021E5391817F5F58DE2BE780 /* PerformanceBenchmarkTests.swift */,
				83088D4EEFA516F79EB25EE1 /* ProductRecommendationEngineTests.swift */,
				9DFB1033AB474D7ACEE79DF3 /* SkinTwinViewModelTests.swift */,
			);
			name = Community;
			path = Community;
			sourceTree = "<group>";
		};
		35B50A3E97A5D1416D7198B0 /* Services */ = {
			isa = PBXGroup;
			children = (
				57327F7DE09064ADE7736BAF /* TimeSeriesAnalyzer.swift */,
				9A7B8E871536EE6F08D08030 /* AnomalyDetector.swift */,
				EFBAB226955E3CA24C059B2F /* ForecastEngine.swift */,
				176175C87A79A04F115018EA /* SeasonalityAnalyzer.swift */,
				ED5440E2EE340E9375719CE6 /* ProductEffectAnalyzer.swift */,
			);
			name = Services;
			path = Services;
			sourceTree = "<group>";
		};
		3705400F1F44F24B67BD9AA9 /* Tracking */ = {
			isa = PBXGroup;
			children = (
				C25293995D966A735A5AC85B /* TimeSeriesAnalyzerTests.swift */,
				B73C2A64FBC2E667D6933AC8 /* TrackingModelsTests.swift */,
				2A1269CF193108CA983B327A /* AnomalyDetectorTests.swift */,
			);
			name = Tracking;
			path = Tracking;
			sourceTree = "<group>";
		};
		3BEE8758E51A9F9C36D761F7 /* ViewModels */ = {
			isa = PBXGroup;
			children = (
				06830A53E82C56C63F791419 /* SkinTwinViewModel.swift */,
			);
			name = ViewModels;
			path = ViewModels;
			sourceTree = "<group>";
		};
		49BC758B8D9E34325B83E0DF /* Frameworks */ = {
			isa = PBXGroup;
			children = (
				79FE9E555CC189B9FEB772A8 /* iOS */,
			);
			name = Frameworks;
			sourceTree = "<group>";
		};
		57A32E1C2367DEF3A2D3DA5A /* Products */ = {
			isa = PBXGroup;
			children = (
				1B3C40CBBB84EE07C75A3D1B /* Views */,
			);
			name = Products;
			path = Products;
			sourceTree = "<group>";
		};
		6832C2AB38C09303639830A4 /* ViewModels */ = {
			isa = PBXGroup;
			children = (
				3E5C9F2586D340041D58FDD8 /* TrackingDetailViewModel.swift */,
			);
			name = ViewModels;
			path = ViewModels;
			sourceTree = "<group>";
		};
		7708436C8FA671CD557E22B3 /* Analysis */ = {
			isa = PBXGroup;
			children = (
				70E492412869BCF377917304 /* SkinAnalysisTests.swift */,
			);
			name = Analysis;
			path = Analysis;
			sourceTree = "<group>";
		};
		79FE9E555CC189B9FEB772A8 /* iOS */ = {
			isa = PBXGroup;
			children = (
				5F3B0D89FD0428597A7C0516 /* Foundation.framework */,
			);
			name = iOS;
			sourceTree = "<group>";
		};
		8D1D955D47C2D3ECC1F6C98C /* Models */ = {
			isa = PBXGroup;
			children = (
				1EA7BE94D8E3D4DEC72F5114 /* TrackingReportExtensions.swift */,
				07946CB369F610D5C517AE6B /* IngredientExposureRecord.swift */,
			);
			name = Models;
			path = Models;
			sourceTree = "<group>";
		};
		92CBDAFA93C0B44390F1330B /* Core */ = {
			isa = PBXGroup;
			children = (
				BC0097AAB25305E5A73627A2 /* Network */,
				029FCEF20F1045EF89B5E8EB /* Utils */,
			);
			name = Core;
			path = Core;
			sourceTree = "<group>";
		};
		AD75DD2C07FC2DF1AA974C60 /* Services */ = {
			isa = PBXGroup;
			children = (
				D9F4507420FA9D2341FF3B1D /* SkinMatcher.swift */,
				A5E2775EF6D0F3ED4872DB5A /* MatchPoolRepository.swift */,
				3F3EB7BFD9E873145B7A021B /* ProductRecommendationEngine.swift */,
				0524C937D6E7E6A8530533F1 /* MatchCache.swift */,
				9A5E121DD7AE09146D2E6CC9 /* FeedbackAnalyticsService.swift */,
				EFCC64509F81AAA74D193AE3 /* FeedbackExporter.swift */,
			);
			name = Services;
			path = Services;
			sourceTree = "<group>";
		};
		BC0097AAB25305E5A73627A2 /* Network */ = {
			isa = PBXGroup;
			children = (
				9A635EA3C39E9DD8654262A3 /* RoutineService.swift */,
			);
			name = Network;
			path = Network;
			sourceTree = "<group>";
		};
		C0473DE9C28272B6216A4D5F /* Profile */ = {
			isa = PBXGroup;
			children = (
				26AC0AE71D68F0B9F12AE9F8 /* Models */,
			);
			name = Profile;
			path = Profile;
			sourceTree = "<group>";
		};
		CE17472009C95F782BE6BCAA /* Models */ = {
			isa = PBXGroup;
			children = (
				F4652ECD0C04F2E7CF24E1C5 /* AnonymousProfile.swift */,
				0C672A53F7F9166589623AED /* MatchLevel.swift */,
				AC08BD0191DA4A7A255C5F82 /* ConsentLevel.swift */,
				1A58DF68D6DDCEAF216E43D7 /* SkinTwin.swift */,
				29C3686CF0FD603001A1188E /* ShareableTrackingSnapshot.swift */,
				7A5B3AE2E986F636B26C6316 /* MatchResultRecord.swift */,
				E07CD05159EC0DA35DFBF371 /* UserFeedbackRecord.swift */,
			);
			name = Models;
			path = Models;
			sourceTree = "<group>";
		};
		D33D03697691B264BFB73C2E /* Views */ = {
			isa = PBXGroup;
			children = (
				91D0A2DDF7F1AF8A06273616 /* TrackingReportView.swift */,
			);
			name = Views;
			path = Views;
			sourceTree = "<group>";
		};
		D544A679813D795721D69C97 /* Tracking */ = {
			isa = PBXGroup;
			children = (
				8D1D955D47C2D3ECC1F6C98C /* Models */,
				D33D03697691B264BFB73C2E /* Views */,
			);
			name = Tracking;
			path = Tracking;
			sourceTree = "<group>";
		};
		E1000001 = {
			isa = PBXGroup;
			children = (
				E1000002 /* SkinLab */,
				E1000003 /* Products */,
				92CBDAFA93C0B44390F1330B /* Core */,
				F848076F60F586973F2975C4 /* Features */,
				49BC758B8D9E34325B83E0DF /* Frameworks */,
				0CBA451B84CCF085BFDC6F9C /* SkinLabTests */,
				AF875B2CDE700D68F59DD78F /* SkinLab.xcodeproj */,
				C603ED35C01BD0577344538A /* SkinLab */,
			);
			sourceTree = "<group>";
		};
		E1000002 /* SkinLab */ = {
			isa = PBXGroup;
			children = (
				E1000010 /* App */,
				E1000020 /* Core */,
				E1000030 /* Features */,
				E1000040 /* UI */,
				E1000050 /* Resources */,
				B1000083 /* Info.plist */,
			);
			path = SkinLab;
			sourceTree = "<group>";
		};
		E1000003 /* Products */ = {
			isa = PBXGroup;
			children = (
				C1000001 /* SkinLab.app */,
				94F8128C52C294599BC4BCB4 /* SkinLabTests.xctest */,
				E2DB8E99E15BC9E013A2BDFD /* SkinLab.app */,
				553F3E33E204BC6663873CD5 /* SkinLabTests.xctest */,
			);
			name = Products;
			sourceTree = "<group>";
		};
		E1000010 /* App */ = {
			isa = PBXGroup;
			children = (
				B1000001 /* SkinLabApp.swift */,
				B1000002 /* ContentView.swift */,
			);
			path = App;
			sourceTree = "<group>";
		};
		E1000020 /* Core */ = {
			isa = PBXGroup;
			children = (
				E1000021 /* Network */,
				E1000022 /* Utils */,
			);
			path = Core;
			sourceTree = "<group>";
		};
		E1000021 /* Network */ = {
			isa = PBXGroup;
			children = (
				B1000010 /* GeminiService.swift */,
			);
			path = Network;
			sourceTree = "<group>";
		};
		E1000022 /* Utils */ = {
			isa = PBXGroup;
			children = (
				B1000020 /* CameraService.swift */,
				B1000021 /* PhotoPicker.swift */,
				B1000022 /* IngredientOCR.swift */,
				C71175FB49EB76BABEE91712 /* IngredientAIAnalyzer.swift */,
			);
			path = Utils;
			sourceTree = "<group>";
		};
		E1000030 /* Features */ = {
			isa = PBXGroup;
			children = (
				E1000031 /* Analysis */,
				E1000032 /* Tracking */,
				E1000033 /* Products */,
				E1000034 /* Profile */,
				E1000035 /* Community */,
			);
			path = Features;
			sourceTree = "<group>";
		};
		E1000031 /* Analysis */ = {
			isa = PBXGroup;
			children = (
				E10000311 /* Models */,
				E10000312 /* ViewModels */,
				E10000313 /* Views */,
			);
			path = Analysis;
			sourceTree = "<group>";
		};
		E10000311 /* Models */ = {
			isa = PBXGroup;
			children = (
				B1000040 /* SkinAnalysis.swift */,
			);
			path = Models;
			sourceTree = "<group>";
		};
		E10000312 /* ViewModels */ = {
			isa = PBXGroup;
			children = (
				B1000041 /* AnalysisViewModel.swift */,
				2B35B1C23C4B636033B97C81 /* AnalysisResultViewModel.swift */,
			);
			path = ViewModels;
			sourceTree = "<group>";
		};
		E10000313 /* Views */ = {
			isa = PBXGroup;
			children = (
				B1000042 /* HomeView.swift */,
				B1000043 /* AnalysisView.swift */,
				B1000044 /* AnalysisResultView.swift */,
				B1000045 /* CameraPreviewView.swift */,
			);
			path = Views;
			sourceTree = "<group>";
		};
		E1000032 /* Tracking */ = {
			isa = PBXGroup;
			children = (
				E10000321 /* Models */,
				E10000322 /* Views */,
				35B50A3E97A5D1416D7198B0 /* Services */,
				6832C2AB38C09303639830A4 /* ViewModels */,
			);
			path = Tracking;
			sourceTree = "<group>";
		};
		E10000321 /* Models */ = {
			isa = PBXGroup;
			children = (
				B1000050 /* TrackingSession.swift */,
				E97C8AFE89FBEA292CA488AB /* TrendAnalyticsModels.swift */,
			);
			path = Models;
			sourceTree = "<group>";
		};
		E10000322 /* Views */ = {
			isa = PBXGroup;
			children = (
				B1000051 /* TrackingView.swift */,
				B1000052 /* TrackingDetailView.swift */,
				D26570A1CAB05DFDBA766336 /* AnalyticsVisualizationViews.swift */,
				2935A2C595AFD0A1F5A52CBF /* TrackingComparisonView.swift */,
			);
			path = Views;
			sourceTree = "<group>";
		};
		E1000033 /* Products */ = {
			isa = PBXGroup;
			children = (
				E10000331 /* Models */,
				E10000332 /* Views */,
			);
			path = Products;
			sourceTree = "<group>";
		};
		E10000331 /* Models */ = {
			isa = PBXGroup;
			children = (
				B1000060 /* Product.swift */,
				98D02551ADBF9AEBDF16E24B /* IngredientAIModels.swift */,
			);
			path = Models;
			sourceTree = "<group>";
		};
		E10000332 /* Views */ = {
			isa = PBXGroup;
			children = (
				B1000061 /* ProductsView.swift */,
				B1000062 /* IngredientScannerView.swift */,
				E8E3C69A912A089C3C055662 /* IngredientAIInsightView.swift */,
			);
			path = Views;
			sourceTree = "<group>";
		};
		E1000034 /* Profile */ = {
			isa = PBXGroup;
			children = (
				E10000341 /* Models */,
				E10000342 /* Views */,
			);
			path = Profile;
			sourceTree = "<group>";
		};
		E10000341 /* Models */ = {
			isa = PBXGroup;
			children = (
				B1000070 /* UserProfile.swift */,
			);
			path = Models;
			sourceTree = "<group>";
		};
		E10000342 /* Views */ = {
			isa = PBXGroup;
			children = (
				B1000071 /* ProfileView.swift */,
				55CB7D333F287D00A4913F54 /* PrivacyCenterView.swift */,
				C4EB3AAADA3B1652CB93A470 /* NotificationSettingsView.swift */,
			);
			path = Views;
			sourceTree = "<group>";
		};
		E1000035 /* Community */ = {
			isa = PBXGroup;
			children = (
				E10000351 /* Views */,
				CE17472009C95F782BE6BCAA /* Models */,
				AD75DD2C07FC2DF1AA974C60 /* Services */,
				3BEE8758E51A9F9C36D761F7 /* ViewModels */,
			);
			path = Community;
			sourceTree = "<group>";
		};
		E10000351 /* Views */ = {
			isa = PBXGroup;
			children = (
				B1000090 /* CommunityView.swift */,
				F21C4E7B2AB0841A770CFE82 /* SkinTwinMatchView.swift */,
				7551BCDBC96ED5FBA80E1DDA /* SkinTwinDetailView.swift */,
				0C38A9A9C2ED915AF0773BF6 /* ConsentSettingsView.swift */,
				C25C4829B04FC75BA0C6D73F /* FeedbackView.swift */,
				0B2145F13411B3AFBF9737C1 /* Components */,
			);
			path = Views;
			sourceTree = "<group>";
		};
		E1000040 /* UI */ = {
			isa = PBXGroup;
			children = (
				E1000042 /* Components */,
				E1000041 /* Theme */,
			);
			path = UI;
			sourceTree = "<group>";
		};
		E1000041 /* Theme */ = {
			isa = PBXGroup;
			children = (
				B1000030 /* Colors.swift */,
				B1000031 /* Typography.swift */,
				B1000092 /* FreshThemeModifiers.swift */,
			);
			path = Theme;
			sourceTree = "<group>";
		};
		E1000042 /* Components */ = {
			isa = PBXGroup;
			children = (
				B1000091 /* RomanticDecorations.swift */,
				F6AD55FD6D5510D7F3CCFB71 /* ProductPickerView.swift */,
			);
			path = Components;
			sourceTree = "<group>";
		};
		E1000050 /* Resources */ = {
			isa = PBXGroup;
			children = (
				B1000082 /* Assets.xcassets */,
				E1000051 /* Data */,
			);
			path = Resources;
			sourceTree = "<group>";
		};
		E1000051 /* Data */ = {
			isa = PBXGroup;
			children = (
				B1000080 /* products.json */,
				B1000081 /* ingredients.json */,
			);
			path = Data;
			sourceTree = "<group>";
		};
		E55AB975CC7DCFF92B181360 /* Profile */ = {
			isa = PBXGroup;
			children = (
				F60448A1275B893A2DF30354 /* UserProfileTests.swift */,
			);
			name = Profile;
			path = Profile;
			sourceTree = "<group>";
		};
		F6EC78BA2BF94DC093FE82D5 /* Views */ = {
			isa = PBXGroup;
			children = (
				A06B8226FA6F257A587D6D1B /* RoutineView.swift */,
			);
			name = Views;
			path = Views;
			sourceTree = "<group>";
		};
		F848076F60F586973F2975C4 /* Features */ = {
			isa = PBXGroup;
			children = (
				0210281BE533ABEF6D262D0F /* Analysis */,
				D544A679813D795721D69C97 /* Tracking */,
				57A32E1C2367DEF3A2D3DA5A /* Products */,
				C0473DE9C28272B6216A4D5F /* Profile */,
			);
			name = Features;
			path = Features;
			sourceTree = "<group>";
		};
		FC9CDA2E4C39B5530FDEBAA0 /* Products */ = {
			isa = PBXGroup;
			children = (
				5DE694A9EC5F6F030CDF4F89 /* ProductModelTests.swift */,
			);
			name = Products;
			path = Products;
			sourceTree = "<group>";
		};
/* End PBXGroup section */

/* Begin PBXNativeTarget section */
		5F974190005108316A71F432 /* SkinLabTests */ = {
			isa = PBXNativeTarget;
			buildConfigurationList = 49B126CEF36106B2435A25EB /* Build configuration list for PBXNativeTarget "SkinLabTests" */;
			buildPhases = (
				FB80CBAC10AD03FA0C7F5399 /* Sources */,
				4EEE5FE477165AC8179C6C79 /* Frameworks */,
				2CBD018B4F66105E4F2EE757 /* Resources */,
			);
			buildRules = (
			);
			dependencies = (
				A20C7A95F677541B2E468FA5 /* PBXTargetDependency */,
			);
			name = SkinLabTests;
			productName = SkinLabTests;
			productReference = 94F8128C52C294599BC4BCB4 /* SkinLabTests.xctest */;
			productType = "com.apple.product-type.bundle.unit-test";
		};
		F1000001 /* SkinLab */ = {
			isa = PBXNativeTarget;
			buildConfigurationList = G1000001 /* Build configuration list for PBXNativeTarget "SkinLab" */;
			buildPhases = (
				F1000002 /* Sources */,
				F1000003 /* Resources */,
				D1000001 /* Frameworks */,
			);
			buildRules = (
			);
			dependencies = (
			);
			name = SkinLab;
			productName = SkinLab;
			productReference = C1000001 /* SkinLab.app */;
			productType = "com.apple.product-type.application";
		};
/* End PBXNativeTarget section */

/* Begin PBXProject section */
		P1000001 /* Project object */ = {
			isa = PBXProject;
			attributes = {
				BuildIndependentTargetsInParallel = 1;
				LastSwiftUpdateCheck = 1500;
				LastUpgradeCheck = 2620;
				TargetAttributes = {
					F1000001 = {
						CreatedOnToolsVersion = 15.0;
					};
				};
			};
			buildConfigurationList = G1000002 /* Build configuration list for PBXProject "SkinLab" */;
			compatibilityVersion = "Xcode 14.0";
			developmentRegion = en;
			hasScannedForEncodings = 0;
			knownRegions = (
				en,
				Base,
				"zh-Hans",
			);
			mainGroup = E1000001;
			productRefGroup = E1000003 /* Products */;
			projectDirPath = "";
			projectReferences = (
				{
					ProductGroup = E1000003 /* Products */;
					ProjectRef = AF875B2CDE700D68F59DD78F /* SkinLab.xcodeproj */;
				},
			);
			projectRoot = "";
			targets = (
				F1000001 /* SkinLab */,
				5F974190005108316A71F432 /* SkinLabTests */,
			);
		};
/* End PBXProject section */

/* Begin PBXReferenceProxy section */
		553F3E33E204BC6663873CD5 /* SkinLabTests.xctest */ = {
			isa = PBXReferenceProxy;
			fileType = wrapper.cfbundle;
			path = SkinLabTests.xctest;
			remoteRef = 672AEACD9CCAC771DA15D1B8 /* PBXContainerItemProxy */;
			sourceTree = BUILT_PRODUCTS_DIR;
		};
		E2DB8E99E15BC9E013A2BDFD /* SkinLab.app */ = {
			isa = PBXReferenceProxy;
			fileType = wrapper.application;
			path = SkinLab.app;
			remoteRef = E11E569D87F01AE845C2153B /* PBXContainerItemProxy */;
			sourceTree = BUILT_PRODUCTS_DIR;
		};
/* End PBXReferenceProxy section */

/* Begin PBXResourcesBuildPhase section */
		2CBD018B4F66105E4F2EE757 /* Resources */ = {
			isa = PBXResourcesBuildPhase;
			buildActionMask = 2147483647;
			files = (
			);
			runOnlyForDeploymentPostprocessing = 0;
		};
		F1000003 /* Resources */ = {
			isa = PBXResourcesBuildPhase;
			buildActionMask = 2147483647;
			files = (
				A1000080 /* products.json in Resources */,
				A1000081 /* ingredients.json in Resources */,
				A1000082 /* Assets.xcassets in Resources */,
			);
			runOnlyForDeploymentPostprocessing = 0;
		};
/* End PBXResourcesBuildPhase section */

/* Begin PBXSourcesBuildPhase section */
		F1000002 /* Sources */ = {
			isa = PBXSourcesBuildPhase;
			buildActionMask = 2147483647;
			files = (
				A1000001 /* SkinLabApp.swift in Sources */,
				A1000002 /* ContentView.swift in Sources */,
				A1000010 /* GeminiService.swift in Sources */,
				A1000020 /* CameraService.swift in Sources */,
				A1000021 /* PhotoPicker.swift in Sources */,
				A1000022 /* IngredientOCR.swift in Sources */,
				A1000030 /* Colors.swift in Sources */,
				A1000031 /* Typography.swift in Sources */,
				A1000092 /* FreshThemeModifiers.swift in Sources */,
				A1000091 /* RomanticDecorations.swift in Sources */,
				A1000040 /* SkinAnalysis.swift in Sources */,
				A1000041 /* AnalysisViewModel.swift in Sources */,
				A1000042 /* HomeView.swift in Sources */,
				A1000043 /* AnalysisView.swift in Sources */,
				A1000044 /* AnalysisResultView.swift in Sources */,
				A1000045 /* CameraPreviewView.swift in Sources */,
				A1000050 /* TrackingSession.swift in Sources */,
				A1000051 /* TrackingView.swift in Sources */,
				A1000052 /* TrackingDetailView.swift in Sources */,
				A1000060 /* Product.swift in Sources */,
				A1000061 /* ProductsView.swift in Sources */,
				A1000062 /* IngredientScannerView.swift in Sources */,
				A1000070 /* UserProfile.swift in Sources */,
				A1000071 /* ProfileView.swift in Sources */,
				A1000090 /* CommunityView.swift in Sources */,
				22D2ACED485758B9081FCD35 /* RoutineService.swift in Sources */,
				3B14FDF424032D3EDF954D86 /* IngredientRiskAnalyzer.swift in Sources */,
				85E1AFC46CE9ED5683B4BDA5 /* ShareCardRenderer.swift in Sources */,
				3F2A62BAB4DE1C75424E3487 /* SkincareRoutine.swift in Sources */,
				2A212E8F0C8D464A335DD3EE /* RoutineView.swift in Sources */,
				402AA3369BA5B7C3753B65CD /* TrackingReportExtensions.swift in Sources */,
				48BF644CB2E8C4A53053E21C /* TrackingReportView.swift in Sources */,
				EF7E0C9D4EFDD24537C9EE60 /* EnhancedIngredientResultView.swift in Sources */,
				7E704BF8034C838F0F952D24 /* UserHistoryStore.swift in Sources */,
				9834A1C1D237F9C8F07CFAAC /* IngredientExposureRecord.swift in Sources */,
				84CA17418FF3F194C2A509CC /* UserIngredientPreference.swift in Sources */,
				2CD70D6FB0428F359EE717FC /* TrendAnalyticsModels.swift in Sources */,
				E12A7C2B45E83A6A261B9B78 /* TimeSeriesAnalyzer.swift in Sources */,
				BBC9BECDA8E68FCDEDA9C4E2 /* AnomalyDetector.swift in Sources */,
				A57E243816AA8E5F23C5E443 /* ForecastEngine.swift in Sources */,
				934C7257FE649E829D275A45 /* SeasonalityAnalyzer.swift in Sources */,
				5837BE7B1D37603512A4AB22 /* ProductEffectAnalyzer.swift in Sources */,
				A9BC1BEBDE572094393A95A9 /* AnalyticsVisualizationViews.swift in Sources */,
				24E220D39F5E82E08B2026B5 /* AnonymousProfile.swift in Sources */,
				F9FA462A4B7B7F90D4F8B232 /* MatchLevel.swift in Sources */,
				DDA2EBE4528D99A2B612502F /* ConsentLevel.swift in Sources */,
				A7AD6E91750734BAF68982F2 /* SkinTwin.swift in Sources */,
				514558FB94F144189A43DA11 /* ShareableTrackingSnapshot.swift in Sources */,
				B62D7EE47904AF48CF80DA3D /* MatchResultRecord.swift in Sources */,
				8245526CB44A47A72705C1DE /* UserFeedbackRecord.swift in Sources */,
				C3B3646598B6F3B8052A1F6B /* SkinMatcher.swift in Sources */,
				BCB58D82618771CF3779835A /* MatchPoolRepository.swift in Sources */,
				0705628C35CB4156025336E1 /* SkinTwinMatchView.swift in Sources */,
				86D3A96F89087B45F0F703F3 /* SkinTwinDetailView.swift in Sources */,
				0E96A1FF72D4E87C65B4E732 /* ConsentSettingsView.swift in Sources */,
				A246142DCE242C8FB297A6E4 /* FeedbackView.swift in Sources */,
				9880B44CC8527B78EF3B5569 /* TwinMatchCard.swift in Sources */,
				250400930892D15A990A3840 /* SkinTwinViewModel.swift in Sources */,
				0125E6E643B3B4B97CDA3D40 /* ProductRecommendationEngine.swift in Sources */,
				6169EE2C112735758342F48A /* MatchCache.swift in Sources */,
				3D4A64FF06C5FD0516547900 /* FeedbackAnalyticsService.swift in Sources */,
				E0CE5D174CD6909351DA2AF7 /* FeedbackExporter.swift in Sources */,
				7BCBF3A344692ADF2781885F /* IngredientAIModels.swift in Sources */,
				8C220A652E3BF84B034F0F0F /* IngredientAIAnalyzer.swift in Sources */,
				2CE956CE8AC0B49CBC530845 /* IngredientAIInsightView.swift in Sources */,
				696A0C9229E697F858F973E3 /* PrivacyCenterView.swift in Sources */,
				5EC8C891A95D691A017484FE /* NotificationSettingsView.swift in Sources */,
				17C7235C8EDC87A1D5360FB0 /* TrackingComparisonView.swift in Sources */,
				A6EA712F1330C8B6CF300B92 /* ProductPickerView.swift in Sources */,
				A8F5C2909F3916C6AB15F71A /* AnalysisResultViewModel.swift in Sources */,
				1898CFA12679F18A3D2D2B4A /* TrackingDetailViewModel.swift in Sources */,
			);
			runOnlyForDeploymentPostprocessing = 0;
		};
		FB80CBAC10AD03FA0C7F5399 /* Sources */ = {
			isa = PBXSourcesBuildPhase;
			buildActionMask = 2147483647;
			files = (
				C6E53A5BE0DABFFC57A351A7 /* ProductModelTests.swift in Sources */,
				3BEB398DDDD7077A90999B22 /* SkinAnalysisTests.swift in Sources */,
				F405186565CE2C23CC08CCC3 /* UserProfileTests.swift in Sources */,
				03F04B25FD40ABAD5F758971 /* TimeSeriesAnalyzerTests.swift in Sources */,
				510D4BC8742383BA03AFE09F /* TrackingModelsTests.swift in Sources */,
				5B50D87F5A179ABAA8BDC039 /* AnomalyDetectorTests.swift in Sources */,
				21AB05CA3A80F6B897BDC7A6 /* SkinMatcherTests.swift in Sources */,
				BA7EDB49C5F2AD2BDF0BF3AE /* PerformanceBenchmarkTests.swift in Sources */,
				2BF1731243556DB802617922 /* ProductRecommendationEngineTests.swift in Sources */,
				44F72831C0C423B5F4F7EF87 /* SkinTwinViewModelTests.swift in Sources */,
			);
			runOnlyForDeploymentPostprocessing = 0;
		};
/* End PBXSourcesBuildPhase section */

/* Begin PBXTargetDependency section */
		A20C7A95F677541B2E468FA5 /* PBXTargetDependency */ = {
			isa = PBXTargetDependency;
			name = SkinLab;
			target = F1000001 /* SkinLab */;
			targetProxy = 6D9D851B9885AB0FCB9EE1FE /* PBXContainerItemProxy */;
		};
/* End PBXTargetDependency section */

/* Begin XCBuildConfiguration section */
		0E3CDAC4F7A9BE7D5A8ABBBA /* Debug */ = {
			isa = XCBuildConfiguration;
			buildSettings = {
				BUNDLE_LOADER = "$(TEST_HOST)";
				CLANG_ENABLE_MODULES = YES;
				CLANG_ENABLE_OBJC_WEAK = NO;
				CODE_SIGN_STYLE = Automatic;
				GENERATE_INFOPLIST_FILE = YES;
				INFOPLIST_FILE = "";
				IPHONEOS_DEPLOYMENT_TARGET = 17.0;
				LD_RUNPATH_SEARCH_PATHS = (
					"$(inherited)",
					"@executable_path/Frameworks",
					"@loader_path/Frameworks",
				);
				PRODUCT_BUNDLE_IDENTIFIER = com.skinlab.SkinLabTests;
				PRODUCT_MODULE_NAME = SkinLabTests;
				PRODUCT_NAME = SkinLabTests;
				SDKROOT = iphoneos;
				SWIFT_EMIT_LOC_STRINGS = NO;
				SWIFT_VERSION = 5.0;
				TEST_HOST = "$(BUILT_PRODUCTS_DIR)/SkinLab.app/$(BUNDLE_EXECUTABLE_FOLDER_PATH)/SkinLab";
				WRAPPER_EXTENSION = xctest;
			};
			name = Debug;
		};
		7DB9571CDD61FCF76E51AE77 /* Release */ = {
			isa = XCBuildConfiguration;
			buildSettings = {
				BUNDLE_LOADER = "$(TEST_HOST)";
				CLANG_ENABLE_MODULES = YES;
				CLANG_ENABLE_OBJC_WEAK = NO;
				CODE_SIGN_STYLE = Automatic;
				GENERATE_INFOPLIST_FILE = YES;
				INFOPLIST_FILE = "";
				IPHONEOS_DEPLOYMENT_TARGET = 17.0;
				LD_RUNPATH_SEARCH_PATHS = (
					"$(inherited)",
					"@executable_path/Frameworks",
					"@loader_path/Frameworks",
				);
				PRODUCT_BUNDLE_IDENTIFIER = com.skinlab.SkinLabTests;
				PRODUCT_MODULE_NAME = SkinLabTests;
				PRODUCT_NAME = SkinLabTests;
				SDKROOT = iphoneos;
				SWIFT_EMIT_LOC_STRINGS = NO;
				SWIFT_VERSION = 5.0;
				TEST_HOST = "$(BUILT_PRODUCTS_DIR)/SkinLab.app/$(BUNDLE_EXECUTABLE_FOLDER_PATH)/SkinLab";
				VALIDATE_PRODUCT = YES;
				WRAPPER_EXTENSION = xctest;
			};
			name = Release;
		};
		H1000001 /* Debug */ = {
			isa = XCBuildConfiguration;
			buildSettings = {
				ALWAYS_SEARCH_USER_PATHS = NO;
				ASSETCATALOG_COMPILER_GENERATE_SWIFT_ASSET_SYMBOL_EXTENSIONS = YES;
				CLANG_ANALYZER_LOCALIZABILITY_NONLOCALIZED = YES;
				CLANG_ANALYZER_NONNULL = YES;
				CLANG_ANALYZER_NUMBER_OBJECT_CONVERSION = YES_AGGRESSIVE;
				CLANG_CXX_LANGUAGE_STANDARD = "gnu++20";
				CLANG_ENABLE_MODULES = YES;
				CLANG_ENABLE_OBJC_ARC = YES;
				CLANG_ENABLE_OBJC_WEAK = YES;
				CLANG_WARN_BLOCK_CAPTURE_AUTORELEASING = YES;
				CLANG_WARN_BOOL_CONVERSION = YES;
				CLANG_WARN_COMMA = YES;
				CLANG_WARN_CONSTANT_CONVERSION = YES;
				CLANG_WARN_DEPRECATED_OBJC_IMPLEMENTATIONS = YES;
				CLANG_WARN_DIRECT_OBJC_ISA_USAGE = YES_ERROR;
				CLANG_WARN_DOCUMENTATION_COMMENTS = YES;
				CLANG_WARN_EMPTY_BODY = YES;
				CLANG_WARN_ENUM_CONVERSION = YES;
				CLANG_WARN_INFINITE_RECURSION = YES;
				CLANG_WARN_INT_CONVERSION = YES;
				CLANG_WARN_NON_LITERAL_NULL_CONVERSION = YES;
				CLANG_WARN_OBJC_IMPLICIT_RETAIN_SELF = YES;
				CLANG_WARN_OBJC_LITERAL_CONVERSION = YES;
				CLANG_WARN_OBJC_ROOT_CLASS = YES_ERROR;
				CLANG_WARN_QUOTED_INCLUDE_IN_FRAMEWORK_HEADER = YES;
				CLANG_WARN_RANGE_LOOP_ANALYSIS = YES;
				CLANG_WARN_STRICT_PROTOTYPES = YES;
				CLANG_WARN_SUSPICIOUS_MOVE = YES;
				CLANG_WARN_UNGUARDED_AVAILABILITY = YES_AGGRESSIVE;
				CLANG_WARN_UNREACHABLE_CODE = YES;
				CLANG_WARN__DUPLICATE_METHOD_MATCH = YES;
				COPY_PHASE_STRIP = NO;
				DEBUG_INFORMATION_FORMAT = dwarf;
				ENABLE_STRICT_OBJC_MSGSEND = YES;
				ENABLE_TESTABILITY = YES;
				ENABLE_USER_SCRIPT_SANDBOXING = YES;
				GCC_C_LANGUAGE_STANDARD = gnu17;
				GCC_DYNAMIC_NO_PIC = NO;
				GCC_NO_COMMON_BLOCKS = YES;
				GCC_OPTIMIZATION_LEVEL = 0;
				GCC_PREPROCESSOR_DEFINITIONS = (
					"DEBUG=1",
					"$(inherited)",
				);
				GCC_WARN_64_TO_32_BIT_CONVERSION = YES;
				GCC_WARN_ABOUT_RETURN_TYPE = YES_ERROR;
				GCC_WARN_UNDECLARED_SELECTOR = YES;
				GCC_WARN_UNINITIALIZED_AUTOS = YES_AGGRESSIVE;
				GCC_WARN_UNUSED_FUNCTION = YES;
				GCC_WARN_UNUSED_VARIABLE = YES;
				IPHONEOS_DEPLOYMENT_TARGET = 17.0;
				LOCALIZATION_PREFERS_STRING_CATALOGS = YES;
				MTL_ENABLE_DEBUG_INFO = INCLUDE_SOURCE;
				MTL_FAST_MATH = YES;
				ONLY_ACTIVE_ARCH = YES;
				SDKROOT = iphoneos;
				STRING_CATALOG_GENERATE_SYMBOLS = YES;
				SWIFT_ACTIVE_COMPILATION_CONDITIONS = "DEBUG $(inherited)";
				SWIFT_OPTIMIZATION_LEVEL = "-Onone";
				SWIFT_STRICT_CONCURRENCY = complete;
			};
			name = Debug;
		};
		H1000002 /* Release */ = {
			isa = XCBuildConfiguration;
			buildSettings = {
				ALWAYS_SEARCH_USER_PATHS = NO;
				ASSETCATALOG_COMPILER_GENERATE_SWIFT_ASSET_SYMBOL_EXTENSIONS = YES;
				CLANG_ANALYZER_LOCALIZABILITY_NONLOCALIZED = YES;
				CLANG_ANALYZER_NONNULL = YES;
				CLANG_ANALYZER_NUMBER_OBJECT_CONVERSION = YES_AGGRESSIVE;
				CLANG_CXX_LANGUAGE_STANDARD = "gnu++20";
				CLANG_ENABLE_MODULES = YES;
				CLANG_ENABLE_OBJC_ARC = YES;
				CLANG_ENABLE_OBJC_WEAK = YES;
				CLANG_WARN_BLOCK_CAPTURE_AUTORELEASING = YES;
				CLANG_WARN_BOOL_CONVERSION = YES;
				CLANG_WARN_COMMA = YES;
				CLANG_WARN_CONSTANT_CONVERSION = YES;
				CLANG_WARN_DEPRECATED_OBJC_IMPLEMENTATIONS = YES;
				CLANG_WARN_DIRECT_OBJC_ISA_USAGE = YES_ERROR;
				CLANG_WARN_DOCUMENTATION_COMMENTS = YES;
				CLANG_WARN_EMPTY_BODY = YES;
				CLANG_WARN_ENUM_CONVERSION = YES;
				CLANG_WARN_INFINITE_RECURSION = YES;
				CLANG_WARN_INT_CONVERSION = YES;
				CLANG_WARN_NON_LITERAL_NULL_CONVERSION = YES;
				CLANG_WARN_OBJC_IMPLICIT_RETAIN_SELF = YES;
				CLANG_WARN_OBJC_LITERAL_CONVERSION = YES;
				CLANG_WARN_OBJC_ROOT_CLASS = YES_ERROR;
				CLANG_WARN_QUOTED_INCLUDE_IN_FRAMEWORK_HEADER = YES;
				CLANG_WARN_RANGE_LOOP_ANALYSIS = YES;
				CLANG_WARN_STRICT_PROTOTYPES = YES;
				CLANG_WARN_SUSPICIOUS_MOVE = YES;
				CLANG_WARN_UNGUARDED_AVAILABILITY = YES_AGGRESSIVE;
				CLANG_WARN_UNREACHABLE_CODE = YES;
				CLANG_WARN__DUPLICATE_METHOD_MATCH = YES;
				COPY_PHASE_STRIP = NO;
				DEBUG_INFORMATION_FORMAT = "dwarf-with-dsym";
				ENABLE_NS_ASSERTIONS = NO;
				ENABLE_STRICT_OBJC_MSGSEND = YES;
				ENABLE_USER_SCRIPT_SANDBOXING = YES;
				GCC_C_LANGUAGE_STANDARD = gnu17;
				GCC_NO_COMMON_BLOCKS = YES;
				GCC_WARN_64_TO_32_BIT_CONVERSION = YES;
				GCC_WARN_ABOUT_RETURN_TYPE = YES_ERROR;
				GCC_WARN_UNDECLARED_SELECTOR = YES;
				GCC_WARN_UNINITIALIZED_AUTOS = YES_AGGRESSIVE;
				GCC_WARN_UNUSED_FUNCTION = YES;
				GCC_WARN_UNUSED_VARIABLE = YES;
				IPHONEOS_DEPLOYMENT_TARGET = 17.0;
				LOCALIZATION_PREFERS_STRING_CATALOGS = YES;
				MTL_ENABLE_DEBUG_INFO = NO;
				MTL_FAST_MATH = YES;
				SDKROOT = iphoneos;
				STRING_CATALOG_GENERATE_SYMBOLS = YES;
				SWIFT_COMPILATION_MODE = wholemodule;
				SWIFT_STRICT_CONCURRENCY = complete;
				VALIDATE_PRODUCT = YES;
			};
			name = Release;
		};
		H1000003 /* Debug */ = {
			isa = XCBuildConfiguration;
			buildSettings = {
				ASSETCATALOG_COMPILER_APPICON_NAME = AppIcon;
				ASSETCATALOG_COMPILER_GLOBAL_ACCENT_COLOR_NAME = AccentColor;
				CODE_SIGN_STYLE = Automatic;
				CURRENT_PROJECT_VERSION = 1;
				DEVELOPMENT_TEAM = "";
				ENABLE_PREVIEWS = YES;
				GENERATE_INFOPLIST_FILE = YES;
				INFOPLIST_FILE = SkinLab/Info.plist;
				INFOPLIST_KEY_NSCameraUsageDescription = "用于拍摄面部照片进行皮肤分析";
				INFOPLIST_KEY_NSPhotoLibraryUsageDescription = "用于选择已有照片进行皮肤分析";
				INFOPLIST_KEY_UIApplicationSceneManifest_Generation = YES;
				INFOPLIST_KEY_UIApplicationSupportsIndirectInputEvents = YES;
				INFOPLIST_KEY_UILaunchScreen_Generation = YES;
				INFOPLIST_KEY_UISupportedInterfaceOrientations_iPad = "UIInterfaceOrientationPortrait UIInterfaceOrientationPortraitUpsideDown UIInterfaceOrientationLandscapeLeft UIInterfaceOrientationLandscapeRight";
				INFOPLIST_KEY_UISupportedInterfaceOrientations_iPhone = "UIInterfaceOrientationPortrait UIInterfaceOrientationLandscapeLeft UIInterfaceOrientationLandscapeRight";
				LD_RUNPATH_SEARCH_PATHS = (
					"$(inherited)",
					"@executable_path/Frameworks",
				);
				MARKETING_VERSION = 1.0;
				PRODUCT_BUNDLE_IDENTIFIER = com.skinlab.app;
				PRODUCT_NAME = "$(TARGET_NAME)";
				SWIFT_EMIT_LOC_STRINGS = YES;
				SWIFT_VERSION = 5.0;
				TARGETED_DEVICE_FAMILY = "1,2";
			};
			name = Debug;
		};
		H1000004 /* Release */ = {
			isa = XCBuildConfiguration;
			buildSettings = {
				ASSETCATALOG_COMPILER_APPICON_NAME = AppIcon;
				ASSETCATALOG_COMPILER_GLOBAL_ACCENT_COLOR_NAME = AccentColor;
				CODE_SIGN_STYLE = Automatic;
				CURRENT_PROJECT_VERSION = 1;
				DEVELOPMENT_TEAM = "";
				ENABLE_PREVIEWS = YES;
				GENERATE_INFOPLIST_FILE = YES;
				INFOPLIST_FILE = SkinLab/Info.plist;
				INFOPLIST_KEY_NSCameraUsageDescription = "用于拍摄面部照片进行皮肤分析";
				INFOPLIST_KEY_NSPhotoLibraryUsageDescription = "用于选择已有照片进行皮肤分析";
				INFOPLIST_KEY_UIApplicationSceneManifest_Generation = YES;
				INFOPLIST_KEY_UIApplicationSupportsIndirectInputEvents = YES;
				INFOPLIST_KEY_UILaunchScreen_Generation = YES;
				INFOPLIST_KEY_UISupportedInterfaceOrientations_iPad = "UIInterfaceOrientationPortrait UIInterfaceOrientationPortraitUpsideDown UIInterfaceOrientationLandscapeLeft UIInterfaceOrientationLandscapeRight";
				INFOPLIST_KEY_UISupportedInterfaceOrientations_iPhone = "UIInterfaceOrientationPortrait UIInterfaceOrientationLandscapeLeft UIInterfaceOrientationLandscapeRight";
				LD_RUNPATH_SEARCH_PATHS = (
					"$(inherited)",
					"@executable_path/Frameworks",
				);
				MARKETING_VERSION = 1.0;
				PRODUCT_BUNDLE_IDENTIFIER = com.skinlab.app;
				PRODUCT_NAME = "$(TARGET_NAME)";
				SWIFT_EMIT_LOC_STRINGS = YES;
				SWIFT_VERSION = 5.0;
				TARGETED_DEVICE_FAMILY = "1,2";
			};
			name = Release;
		};
/* End XCBuildConfiguration section */

/* Begin XCConfigurationList section */
		49B126CEF36106B2435A25EB /* Build configuration list for PBXNativeTarget "SkinLabTests" */ = {
			isa = XCConfigurationList;
			buildConfigurations = (
				7DB9571CDD61FCF76E51AE77 /* Release */,
				0E3CDAC4F7A9BE7D5A8ABBBA /* Debug */,
			);
			defaultConfigurationIsVisible = 0;
			defaultConfigurationName = Release;
		};
		G1000001 /* Build configuration list for PBXNativeTarget "SkinLab" */ = {
			isa = XCConfigurationList;
			buildConfigurations = (
				H1000003 /* Debug */,
				H1000004 /* Release */,
			);
			defaultConfigurationIsVisible = 0;
			defaultConfigurationName = Release;
		};
		G1000002 /* Build configuration list for PBXProject "SkinLab" */ = {
			isa = XCConfigurationList;
			buildConfigurations = (
				H1000001 /* Debug */,
				H1000002 /* Release */,
			);
			defaultConfigurationIsVisible = 0;
			defaultConfigurationName = Release;
		};
/* End XCConfigurationList section */
	};
	rootObject = P1000001 /* Project object */;
}
